
Microsoft Visual Studio Solution File, Format Version 12.00
# Visual Studio Version 17
VisualStudioVersion = 17.3.32825.248
MinimumVisualStudioVersion = 10.0.40219.1
Project("{FAE04EC0-301F-11D3-BF4B-00C04F79EFBC}") = "CleanMovie.Domain", "CleanMovie.Domain\CleanMovie.Domain.csproj", "{CCD59F23-5A90-4C3D-ACBB-D80EDA5BCDE0}"
EndProject
Project("{FAE04EC0-301F-11D3-BF4B-00C04F79EFBC}") = "CleanMovie.Application", "CleanMovie.Application\CleanMovie.Application.csproj", "{4131D4D7-374C-4E18-9A9D-289449E5A472}"
EndProject
Project("{FAE04EC0-301F-11D3-BF4B-00C04F79EFBC}") = "CleanMovie.Infrastructure", "CleanMovie.Infrastructure\CleanMovie.Infrastructure.csproj", "{216A3877-DB01-4304-B3F6-67E4E45C2239}"
EndProject
Project("{FAE04EC0-301F-11D3-BF4B-00C04F79EFBC}") = "CleanMovie.Presentation.API", "CleanMovie.Presentation.API\CleanMovie.Presentation.API.csproj", "{B59AF4EE-0FD9-4719-9D55-064DDD95C371}"
EndProject
Project("{FAE04EC0-301F-11D3-BF4B-00C04F79EFBC}") = "CleanMovie.DependencyInjection", "CleanMovie.DependencyInjection\CleanMovie.DependencyInjection.csproj", "{5AA2DEE1-B47C-4520-8F58-5F043FC8AC38}"
EndProject
Global
	GlobalSection(SolutionConfigurationPlatforms) = preSolution
		Debug|Any CPU = Debug|Any CPU
		Release|Any CPU = Release|Any CPU
	EndGlobalSection
	GlobalSection(ProjectConfigurationPlatforms) = postSolution
		{CCD59F23-5A90-4C3D-ACBB-D80EDA5BCDE0}.Debug|Any CPU.ActiveCfg = Debug|Any CPU
		{CCD59F23-5A90-4C3D-ACBB-D80EDA5BCDE0}.Debug|Any CPU.Build.0 = Debug|Any CPU
		{CCD59F23-5A90-4C3D-ACBB-D80EDA5BCDE0}.Release|Any CPU.ActiveCfg = Release|Any CPU
		{CCD59F23-5A90-4C3D-ACBB-D80EDA5BCDE0}.Release|Any CPU.Build.0 = Release|Any CPU
		{4131D4D7-374C-4E18-9A9D-289449E5A472}.Debug|Any CPU.ActiveCfg = Debug|Any CPU
		{4131D4D7-374C-4E18-9A9D-289449E5A472}.Debug|Any CPU.Build.0 = Debug|Any CPU
		{4131D4D7-374C-4E18-9A9D-289449E5A472}.Release|Any CPU.ActiveCfg = Release|Any CPU
		{4131D4D7-374C-4E18-9A9D-289449E5A472}.Release|Any CPU.Build.0 = Release|Any CPU
		{216A3877-DB01-4304-B3F6-67E4E45C2239}.Debug|Any CPU.ActiveCfg = Debug|Any CPU
		{216A3877-DB01-4304-B3F6-67E4E45C2239}.Debug|Any CPU.Build.0 = Debug|Any CPU
		{216A3877-DB01-4304-B3F6-67E4E45C2239}.Release|Any CPU.ActiveCfg = Release|Any CPU
		{216A3877-DB01-4304-B3F6-67E4E45C2239}.Release|Any CPU.Build.0 = Release|Any CPU
		{B59AF4EE-0FD9-4719-9D55-064DDD95C371}.Debug|Any CPU.ActiveCfg = Debug|Any CPU
		{B59AF4EE-0FD9-4719-9D55-064DDD95C371}.Debug|Any CPU.Build.0 = Debug|Any CPU
		{B59AF4EE-0FD9-4719-9D55-064DDD95C371}.Release|Any CPU.ActiveCfg = Release|Any CPU
		{B59AF4EE-0FD9-4719-9D55-064DDD95C371}.Release|Any CPU.Build.0 = Release|Any CPU
		{5AA2DEE1-B47C-4520-8F58-5F043FC8AC38}.Debug|Any CPU.ActiveCfg = Debug|Any CPU
		{5AA2DEE1-B47C-4520-8F58-5F043FC8AC38}.Debug|Any CPU.Build.0 = Debug|Any CPU
		{5AA2DEE1-B47C-4520-8F58-5F043FC8AC38}.Release|Any CPU.ActiveCfg = Release|Any CPU
		{5AA2DEE1-B47C-4520-8F58-5F043FC8AC38}.Release|Any CPU.Build.0 = Release|Any CPU
	EndGlobalSection
	GlobalSection(SolutionProperties) = preSolution
		HideSolutionNode = FALSE
	EndGlobalSection
	GlobalSection(ExtensibilityGlobals) = postSolution
		SolutionGuid = {AA5C8BA2-F13F-402B-AD8A-BD310C88E00F}
	EndGlobalSection
EndGlobal
